<?xml version="1.0" encoding="utf-8"?>
<Project ToolsVersion="4.0" xmlns="http://schemas.microsoft.com/developer/msbuild/2003">
  <ItemGroup>
    <Filter Include="Source Files">
      <UniqueIdentifier>{4FC737F1-C7A5-4376-A066-2A32D752A2FF}</UniqueIdentifier>
      <Extensions>cpp;c;cc;cxx;c++;cppm;ixx;def;odl;idl;hpj;bat;asm;asmx</Extensions>
    </Filter>
    <Filter Include="Header Files">
      <UniqueIdentifier>{93995380-89BD-4b04-88EB-625FBE52EBFB}</UniqueIdentifier>
      <Extensions>h;hh;hpp;hxx;h++;hm;inl;inc;ipp;xsd</Extensions>
    </Filter>
    <Filter Include="Resource Files">
      <UniqueIdentifier>{67DA6AB6-F800-4c08-8B7A-83BB121AAD01}</UniqueIdentifier>
      <Extensions>rc;ico;cur;bmp;dlg;rc2;rct;bin;rgs;gif;jpg;jpeg;jpe;resx;tiff;tif;png;wav;mfcribbon-ms</Extensions>
    </Filter>
  </ItemGroup>
  <ItemGroup>
    <ClCompile Include="src\main.cpp">
      <Filter>Source Files</Filter>
    </ClCompile>
    <ClCompile Include="src\ChargingStationTest.cpp">
      <Filter>Source Files</Filter>
    </ClCompile>
    <ClCompile Include="src\DirectedGraphForChargingStationsTest.cpp">
      <Filter>Source Files</Filter>
    </ClCompile>
    <ClCompile Include="src\DirectedGraphForIntersectionsTest.cpp">
      <Filter>Source Files</Filter>
    </ClCompile>
    <ClCompile Include="src\ElectricVehicleTest.cpp">
      <Filter>Source Files</Filter>
    </ClCompile>
    <ClCompile Include="src\IntersectionTest.cpp">
      <Filter>Source Files</Filter>
    </ClCompile>
    <ClCompile Include="src\NextChargingStationTest.cpp">
      <Filter>Source Files</Filter>
    </ClCompile>
    <ClCompile Include="src\OptimalTimeDijkstraTest.cpp">
      <Filter>Source Files</Filter>
    </ClCompile>
    <ClCompile Include="src\ServiceTest.cpp">
      <Filter>Source Files</Filter>
    </ClCompile>
    <ClCompile Include="src\ShortestDistanceDijkstraTest.cpp">
      <Filter>Source Files</Filter>
    </ClCompile>
  </ItemGroup>
  <ItemGroup>
    <Text Include="generatedgraph.txt" />
    <Text Include="smallgraph.txt" />
    <Text Include="vehicle.txt" />
    <Text Include="generatedgraphfromgui.txt" />
  </ItemGroup>
  <ItemGroup>
    <ClInclude Include="include\ChargingStationTest.h">
      <Filter>Header Files</Filter>
    </ClInclude>
    <ClInclude Include="include\IntersectionTest.h">
      <Filter>Header Files</Filter>
    </ClInclude>
    <ClInclude Include="include\DirectedGraphForChargingStationsTest.h">
      <Filter>Header Files</Filter>
    </ClInclude>
    <ClInclude Include="include\DirectedGraphForIntersectionsTest.h">
      <Filter>Header Files</Filter>
    </ClInclude>
    <ClInclude Include="include\ElectricVehicleTest.h">
      <Filter>Header Files</Filter>
    </ClInclude>
    <ClInclude Include="include\NextChargingStationTest.h">
      <Filter>Header Files</Filter>
    </ClInclude>
    <ClInclude Include="include\OptimalTimeDijkstraTest.h">
      <Filter>Header Files</Filter>
    </ClInclude>
    <ClInclude Include="include\ServiceTest.h">
      <Filter>Header Files</Filter>
    </ClInclude>
    <ClInclude Include="include\ShortestDistanceDijkstraTest.h">
      <Filter>Header Files</Filter>
    </ClInclude>
  </ItemGroup>
</Project>